
Microsoft Visual Studio Solution File, Format Version 12.00
# Visual Studio Version 16
VisualStudioVersion = 16.0.30804.86
MinimumVisualStudioVersion = 10.0.40219.1
Project("{FAE04EC0-301F-11D3-BF4B-00C04F79EFBC}") = "InternetBankingApp", "InternetBankingApp\InternetBankingApp.csproj", "{858C3C5E-C843-4093-9CFF-93573C9E491E}"
EndProject
Global
	GlobalSection(SolutionConfigurationPlatforms) = preSolution
		Debug|Any CPU = Debug|Any CPU
		Release|Any CPU = Release|Any CPU
	EndGlobalSection
	GlobalSection(ProjectConfigurationPlatforms) = postSolution
		{858C3C5E-C843-4093-9CFF-93573C9E491E}.Debug|Any CPU.ActiveCfg = Debug|Any CPU
		{858C3C5E-C843-4093-9CFF-93573C9E491E}.Debug|Any CPU.Build.0 = Debug|Any CPU
		{858C3C5E-C843-4093-9CFF-93573C9E491E}.Release|Any CPU.ActiveCfg = Release|Any CPU
		{858C3C5E-C843-4093-9CFF-93573C9E491E}.Release|Any CPU.Build.0 = Release|Any CPU
	EndGlobalSection
	GlobalSection(SolutionProperties) = preSolution
		HideSolutionNode = FALSE
	EndGlobalSection
	GlobalSection(ExtensibilityGlobals) = postSolution
		SolutionGuid = {44497A53-D47A-4355-80D4-E4C636E79A9E}
	EndGlobalSection
EndGlobal
